
Microsoft Visual Studio Solution File, Format Version 11.00
# Visual Studio 2010
Project("{FAE04EC0-301F-11D3-BF4B-00C04F79EFBC}") = "HandsOnMVVMSL", "HandsOnMVVMSL\HandsOnMVVMSL.csproj", "{58BE34CD-32DC-445C-9770-FFF1EB4B8A8F}"
	ProjectSection(ProjectDependencies) = postProject
		{7E5231C2-6C71-4FFB-84C4-5537A00A7548} = {7E5231C2-6C71-4FFB-84C4-5537A00A7548}
	EndProjectSection
EndProject
Project("{FAE04EC0-301F-11D3-BF4B-00C04F79EFBC}") = "HandsOnMVVMSL.Web", "HandsOnMVVMSL.Web\HandsOnMVVMSL.Web.csproj", "{7E5231C2-6C71-4FFB-84C4-5537A00A7548}"
EndProject
Global
	GlobalSection(SolutionConfigurationPlatforms) = preSolution
		Debug|Any CPU = Debug|Any CPU
		Release|Any CPU = Release|Any CPU
	EndGlobalSection
	GlobalSection(ProjectConfigurationPlatforms) = postSolution
		{58BE34CD-32DC-445C-9770-FFF1EB4B8A8F}.Debug|Any CPU.ActiveCfg = Debug|Any CPU
		{58BE34CD-32DC-445C-9770-FFF1EB4B8A8F}.Debug|Any CPU.Build.0 = Debug|Any CPU
		{58BE34CD-32DC-445C-9770-FFF1EB4B8A8F}.Release|Any CPU.ActiveCfg = Release|Any CPU
		{58BE34CD-32DC-445C-9770-FFF1EB4B8A8F}.Release|Any CPU.Build.0 = Release|Any CPU
		{7E5231C2-6C71-4FFB-84C4-5537A00A7548}.Debug|Any CPU.ActiveCfg = Debug|Any CPU
		{7E5231C2-6C71-4FFB-84C4-5537A00A7548}.Debug|Any CPU.Build.0 = Debug|Any CPU
		{7E5231C2-6C71-4FFB-84C4-5537A00A7548}.Release|Any CPU.ActiveCfg = Release|Any CPU
		{7E5231C2-6C71-4FFB-84C4-5537A00A7548}.Release|Any CPU.Build.0 = Release|Any CPU
	EndGlobalSection
	GlobalSection(SolutionProperties) = preSolution
		HideSolutionNode = FALSE
	EndGlobalSection
EndGlobal
